
Microsoft Visual Studio Solution File, Format Version 11.00
# Visual Studio 2010
Project("{159641D6-6404-4A2A-AE62-294DE0FE8301}") = "SSIS_term_project", "SSIS_term_project\SSIS_term_project.dtproj", "{64508CD2-DF9D-451F-B690-4295ACAD32A5}"
EndProject
Global
	GlobalSection(SolutionConfigurationPlatforms) = preSolution
		Development|Default = Development|Default
	EndGlobalSection
	GlobalSection(ProjectConfigurationPlatforms) = postSolution
		{64508CD2-DF9D-451F-B690-4295ACAD32A5}.Development|Default.ActiveCfg = Development
		{64508CD2-DF9D-451F-B690-4295ACAD32A5}.Development|Default.Build.0 = Development
	EndGlobalSection
	GlobalSection(SolutionProperties) = preSolution
		HideSolutionNode = FALSE
	EndGlobalSection
EndGlobal
