
Microsoft Visual Studio Solution File, Format Version 11.00
# Visual Studio 2010
Project("{D2ABAB84-BF74-430A-B69E-9DC6D40DDA17}") = "SSAS_term_project_0421_2", "SSAS_term_project_0421_2\SSAS_term_project_0421_2.dwproj", "{0FAAE81E-94AD-4DC7-AD44-714D275C0496}"
EndProject
Global
	GlobalSection(SolutionConfigurationPlatforms) = preSolution
		Development|Default = Development|Default
	EndGlobalSection
	GlobalSection(ProjectConfigurationPlatforms) = postSolution
		{0FAAE81E-94AD-4DC7-AD44-714D275C0496}.Development|Default.ActiveCfg = Development
		{0FAAE81E-94AD-4DC7-AD44-714D275C0496}.Development|Default.Build.0 = Development
		{0FAAE81E-94AD-4DC7-AD44-714D275C0496}.Development|Default.Deploy.0 = Development
	EndGlobalSection
	GlobalSection(SolutionProperties) = preSolution
		HideSolutionNode = FALSE
	EndGlobalSection
EndGlobal
